// !$*UTF8*$!
{
	archiveVersion = 1;
	classes = {
	};
	objectVersion = 46;
	objects = {

/* Begin PBXBuildFile section */
		3BC4D35918D54E9800E11091 /* Foundation.framework in Frameworks */ = {isa = PBXBuildFile; fileRef = 3BC4D35818D54E9800E11091 /* Foundation.framework */; };
		3BC4D35B18D54E9800E11091 /* CoreGraphics.framework in Frameworks */ = {isa = PBXBuildFile; fileRef = 3BC4D35A18D54E9800E11091 /* CoreGraphics.framework */; };
		3BC4D35D18D54E9800E11091 /* UIKit.framework in Frameworks */ = {isa = PBXBuildFile; fileRef = 3BC4D35C18D54E9800E11091 /* UIKit.framework */; };
		3BC4D36318D54E9800E11091 /* InfoPlist.strings in Resources */ = {isa = PBXBuildFile; fileRef = 3BC4D36118D54E9800E11091 /* InfoPlist.strings */; };
		3BC4D36518D54E9800E11091 /* main.m in Sources */ = {isa = PBXBuildFile; fileRef = 3BC4D36418D54E9800E11091 /* main.m */; };
		3BC4D36918D54E9800E11091 /* CardGameAppDelegate.m in Sources */ = {isa = PBXBuildFile; fileRef = 3BC4D36818D54E9800E11091 /* CardGameAppDelegate.m */; };
		3BC4D36C18D54E9800E11091 /* Main.storyboard in Resources */ = {isa = PBXBuildFile; fileRef = 3BC4D36A18D54E9800E11091 /* Main.storyboard */; };
		3BC4D36F18D54E9800E11091 /* CardGameViewController.m in Sources */ = {isa = PBXBuildFile; fileRef = 3BC4D36E18D54E9800E11091 /* CardGameViewController.m */; };
		3BC4D37118D54E9800E11091 /* Images.xcassets in Resources */ = {isa = PBXBuildFile; fileRef = 3BC4D37018D54E9800E11091 /* Images.xcassets */; };
		3BC4D37818D54E9800E11091 /* XCTest.framework in Frameworks */ = {isa = PBXBuildFile; fileRef = 3BC4D37718D54E9800E11091 /* XCTest.framework */; };
		3BC4D37918D54E9800E11091 /* Foundation.framework in Frameworks */ = {isa = PBXBuildFile; fileRef = 3BC4D35818D54E9800E11091 /* Foundation.framework */; };
		3BC4D37A18D54E9900E11091 /* UIKit.framework in Frameworks */ = {isa = PBXBuildFile; fileRef = 3BC4D35C18D54E9800E11091 /* UIKit.framework */; };
		3BC4D38218D54E9900E11091 /* InfoPlist.strings in Resources */ = {isa = PBXBuildFile; fileRef = 3BC4D38018D54E9900E11091 /* InfoPlist.strings */; };
		3BC4D38418D54E9900E11091 /* MachismoTests.m in Sources */ = {isa = PBXBuildFile; fileRef = 3BC4D38318D54E9900E11091 /* MachismoTests.m */; };
/* End PBXBuildFile section */

/* Begin PBXContainerItemProxy section */
		3BC4D37B18D54E9900E11091 /* PBXContainerItemProxy */ = {
			isa = PBXContainerItemProxy;
			containerPortal = 3BC4D34D18D54E9800E11091 /* Project object */;
			proxyType = 1;
			remoteGlobalIDString = 3BC4D35418D54E9800E11091;
			remoteInfo = Machismo;
		};
/* End PBXContainerItemProxy section */

/* Begin PBXFileReference section */
		3BC4D35518D54E9800E11091 /* Machismo.app */ = {isa = PBXFileReference; explicitFileType = wrapper.application; includeInIndex = 0; path = Machismo.app; sourceTree = BUILT_PRODUCTS_DIR; };
		3BC4D35818D54E9800E11091 /* Foundation.framework */ = {isa = PBXFileReference; lastKnownFileType = wrapper.framework; name = Foundation.framework; path = System/Library/Frameworks/Foundation.framework; sourceTree = SDKROOT; };
		3BC4D35A18D54E9800E11091 /* CoreGraphics.framework */ = {isa = PBXFileReference; lastKnownFileType = wrapper.framework; name = CoreGraphics.framework; path = System/Library/Frameworks/CoreGraphics.framework; sourceTree = SDKROOT; };
		3BC4D35C18D54E9800E11091 /* UIKit.framework */ = {isa = PBXFileReference; lastKnownFileType = wrapper.framework; name = UIKit.framework; path = System/Library/Frameworks/UIKit.framework; sourceTree = SDKROOT; };
		3BC4D36018D54E9800E11091 /* Machismo-Info.plist */ = {isa = PBXFileReference; lastKnownFileType = text.plist.xml; path = "Machismo-Info.plist"; sourceTree = "<group>"; };
		3BC4D36218D54E9800E11091 /* en */ = {isa = PBXFileReference; lastKnownFileType = text.plist.strings; name = en; path = en.lproj/InfoPlist.strings; sourceTree = "<group>"; };
		3BC4D36418D54E9800E11091 /* main.m */ = {isa = PBXFileReference; lastKnownFileType = sourcecode.c.objc; path = main.m; sourceTree = "<group>"; };
		3BC4D36618D54E9800E11091 /* Machismo-Prefix.pch */ = {isa = PBXFileReference; lastKnownFileType = sourcecode.c.h; path = "Machismo-Prefix.pch"; sourceTree = "<group>"; };
		3BC4D36718D54E9800E11091 /* CardGameAppDelegate.h */ = {isa = PBXFileReference; lastKnownFileType = sourcecode.c.h; path = CardGameAppDelegate.h; sourceTree = "<group>"; };
		3BC4D36818D54E9800E11091 /* CardGameAppDelegate.m */ = {isa = PBXFileReference; lastKnownFileType = sourcecode.c.objc; path = CardGameAppDelegate.m; sourceTree = "<group>"; };
		3BC4D36B18D54E9800E11091 /* Base */ = {isa = PBXFileReference; lastKnownFileType = file.storyboard; name = Base; path = Base.lproj/Main.storyboard; sourceTree = "<group>"; };
		3BC4D36D18D54E9800E11091 /* CardGameViewController.h */ = {isa = PBXFileReference; lastKnownFileType = sourcecode.c.h; path = CardGameViewController.h; sourceTree = "<group>"; };
		3BC4D36E18D54E9800E11091 /* CardGameViewController.m */ = {isa = PBXFileReference; lastKnownFileType = sourcecode.c.objc; path = CardGameViewController.m; sourceTree = "<group>"; };
		3BC4D37018D54E9800E11091 /* Images.xcassets */ = {isa = PBXFileReference; lastKnownFileType = folder.assetcatalog; path = Images.xcassets; sourceTree = "<group>"; };
		3BC4D37618D54E9800E11091 /* MachismoTests.xctest */ = {isa = PBXFileReference; explicitFileType = wrapper.cfbundle; includeInIndex = 0; path = MachismoTests.xctest; sourceTree = BUILT_PRODUCTS_DIR; };
		3BC4D37718D54E9800E11091 /* XCTest.framework */ = {isa = PBXFileReference; lastKnownFileType = wrapper.framework; name = XCTest.framework; path = Library/Frameworks/XCTest.framework; sourceTree = DEVELOPER_DIR; };
		3BC4D37F18D54E9900E11091 /* MachismoTests-Info.plist */ = {isa = PBXFileReference; lastKnownFileType = text.plist.xml; path = "MachismoTests-Info.plist"; sourceTree = "<group>"; };
		3BC4D38118D54E9900E11091 /* en */ = {isa = PBXFileReference; lastKnownFileType = text.plist.strings; name = en; path = en.lproj/InfoPlist.strings; sourceTree = "<group>"; };
		3BC4D38318D54E9900E11091 /* MachismoTests.m */ = {isa = PBXFileReference; lastKnownFileType = sourcecode.c.objc; path = MachismoTests.m; sourceTree = "<group>"; };
/* End PBXFileReference section */

/* Begin PBXFrameworksBuildPhase section */
		3BC4D35218D54E9800E11091 /* Frameworks */ = {
			isa = PBXFrameworksBuildPhase;
			buildActionMask = 2147483647;
			files = (
				3BC4D35B18D54E9800E11091 /* CoreGraphics.framework in Frameworks */,
				3BC4D35D18D54E9800E11091 /* UIKit.framework in Frameworks */,
				3BC4D35918D54E9800E11091 /* Foundation.framework in Frameworks */,
			);
			runOnlyForDeploymentPostprocessing = 0;
		};
		3BC4D37318D54E9800E11091 /* Frameworks */ = {
			isa = PBXFrameworksBuildPhase;
			buildActionMask = 2147483647;
			files = (
				3BC4D37818D54E9800E11091 /* XCTest.framework in Frameworks */,
				3BC4D37A18D54E9900E11091 /* UIKit.framework in Frameworks */,
				3BC4D37918D54E9800E11091 /* Foundation.framework in Frameworks */,
			);
			runOnlyForDeploymentPostprocessing = 0;
		};
/* End PBXFrameworksBuildPhase section */

/* Begin PBXGroup section */
		3BC4D34C18D54E9800E11091 = {
			isa = PBXGroup;
			children = (
				3BC4D35E18D54E9800E11091 /* Machismo */,
				3BC4D37D18D54E9900E11091 /* MachismoTests */,
				3BC4D35718D54E9800E11091 /* Frameworks */,
				3BC4D35618D54E9800E11091 /* Products */,
			);
			sourceTree = "<group>";
		};
		3BC4D35618D54E9800E11091 /* Products */ = {
			isa = PBXGroup;
			children = (
				3BC4D35518D54E9800E11091 /* Machismo.app */,
				3BC4D37618D54E9800E11091 /* MachismoTests.xctest */,
			);
			name = Products;
			sourceTree = "<group>";
		};
		3BC4D35718D54E9800E11091 /* Frameworks */ = {
			isa = PBXGroup;
			children = (
				3BC4D35818D54E9800E11091 /* Foundation.framework */,
				3BC4D35A18D54E9800E11091 /* CoreGraphics.framework */,
				3BC4D35C18D54E9800E11091 /* UIKit.framework */,
				3BC4D37718D54E9800E11091 /* XCTest.framework */,
			);
			name = Frameworks;
			sourceTree = "<group>";
		};
		3BC4D35E18D54E9800E11091 /* Machismo */ = {
			isa = PBXGroup;
			children = (
				3BC4D36A18D54E9800E11091 /* Main.storyboard */,
				3BC4D36D18D54E9800E11091 /* CardGameViewController.h */,
				3BC4D36E18D54E9800E11091 /* CardGameViewController.m */,
				3BC4D37018D54E9800E11091 /* Images.xcassets */,
				3BC4D35F18D54E9800E11091 /* Supporting Files */,
			);
			path = Machismo;
			sourceTree = "<group>";
		};
		3BC4D35F18D54E9800E11091 /* Supporting Files */ = {
			isa = PBXGroup;
			children = (
				3BC4D36718D54E9800E11091 /* CardGameAppDelegate.h */,
				3BC4D36818D54E9800E11091 /* CardGameAppDelegate.m */,
				3BC4D36018D54E9800E11091 /* Machismo-Info.plist */,
				3BC4D36118D54E9800E11091 /* InfoPlist.strings */,
				3BC4D36418D54E9800E11091 /* main.m */,
				3BC4D36618D54E9800E11091 /* Machismo-Prefix.pch */,
			);
			name = "Supporting Files";
			sourceTree = "<group>";
		};
		3BC4D37D18D54E9900E11091 /* MachismoTests */ = {
			isa = PBXGroup;
			children = (
				3BC4D38318D54E9900E11091 /* MachismoTests.m */,
				3BC4D37E18D54E9900E11091 /* Supporting Files */,
			);
			path = MachismoTests;
			sourceTree = "<group>";
		};
		3BC4D37E18D54E9900E11091 /* Supporting Files */ = {
			isa = PBXGroup;
			children = (
				3BC4D37F18D54E9900E11091 /* MachismoTests-Info.plist */,
				3BC4D38018D54E9900E11091 /* InfoPlist.strings */,
			);
			name = "Supporting Files";
			sourceTree = "<group>";
		};
/* End PBXGroup section */

/* Begin PBXNativeTarget section */
		3BC4D35418D54E9800E11091 /* Machismo */ = {
			isa = PBXNativeTarget;
			buildConfigurationList = 3BC4D38718D54E9900E11091 /* Build configuration list for PBXNativeTarget "Machismo" */;
			buildPhases = (
				3BC4D35118D54E9800E11091 /* Sources */,
				3BC4D35218D54E9800E11091 /* Frameworks */,
				3BC4D35318D54E9800E11091 /* Resources */,
			);
			buildRules = (
			);
			dependencies = (
			);
			name = Machismo;
			productName = Machismo;
			productReference = 3BC4D35518D54E9800E11091 /* Machismo.app */;
			productType = "com.apple.product-type.application";
		};
		3BC4D37518D54E9800E11091 /* MachismoTests */ = {
			isa = PBXNativeTarget;
			buildConfigurationList = 3BC4D38A18D54E9900E11091 /* Build configuration list for PBXNativeTarget "MachismoTests" */;
			buildPhases = (
				3BC4D37218D54E9800E11091 /* Sources */,
				3BC4D37318D54E9800E11091 /* Frameworks */,
				3BC4D37418D54E9800E11091 /* Resources */,
			);
			buildRules = (
			);
			dependencies = (
				3BC4D37C18D54E9900E11091 /* PBXTargetDependency */,
			);
			name = MachismoTests;
			productName = MachismoTests;
			productReference = 3BC4D37618D54E9800E11091 /* MachismoTests.xctest */;
			productType = "com.apple.product-type.bundle.unit-test";
		};
/* End PBXNativeTarget section */

/* Begin PBXProject section */
		3BC4D34D18D54E9800E11091 /* Project object */ = {
			isa = PBXProject;
			attributes = {
				CLASSPREFIX = CardGame;
				LastUpgradeCheck = 0510;
				ORGANIZATIONNAME = "Sean Smith";
				TargetAttributes = {
					3BC4D37518D54E9800E11091 = {
						TestTargetID = 3BC4D35418D54E9800E11091;
					};
				};
			};
			buildConfigurationList = 3BC4D35018D54E9800E11091 /* Build configuration list for PBXProject "Machismo" */;
			compatibilityVersion = "Xcode 3.2";
			developmentRegion = English;
			hasScannedForEncodings = 0;
			knownRegions = (
				en,
				Base,
			);
			mainGroup = 3BC4D34C18D54E9800E11091;
			productRefGroup = 3BC4D35618D54E9800E11091 /* Products */;
			projectDirPath = "";
			projectRoot = "";
			targets = (
				3BC4D35418D54E9800E11091 /* Machismo */,
				3BC4D37518D54E9800E11091 /* MachismoTests */,
			);
		};
/* End PBXProject section */

/* Begin PBXResourcesBuildPhase section */
		3BC4D35318D54E9800E11091 /* Resources */ = {
			isa = PBXResourcesBuildPhase;
			buildActionMask = 2147483647;
			files = (
				3BC4D37118D54E9800E11091 /* Images.xcassets in Resources */,
				3BC4D36318D54E9800E11091 /* InfoPlist.strings in Resources */,
				3BC4D36C18D54E9800E11091 /* Main.storyboard in Resources */,
			);
			runOnlyForDeploymentPostprocessing = 0;
		};
		3BC4D37418D54E9800E11091 /* Resources */ = {
			isa = PBXResourcesBuildPhase;
			buildActionMask = 2147483647;
			files = (
				3BC4D38218D54E9900E11091 /* InfoPlist.strings in Resources */,
			);
			runOnlyForDeploymentPostprocessing = 0;
		};
/* End PBXResourcesBuildPhase section */

/* Begin PBXSourcesBuildPhase section */
		3BC4D35118D54E9800E11091 /* Sources */ = {
			isa = PBXSourcesBuildPhase;
			buildActionMask = 2147483647;
			files = (
				3BC4D36918D54E9800E11091 /* CardGameAppDelegate.m in Sources */,
				3BC4D36F18D54E9800E11091 /* CardGameViewController.m in Sources */,
				3BC4D36518D54E9800E11091 /* main.m in Sources */,
			);
			runOnlyForDeploymentPostprocessing = 0;
		};
		3BC4D37218D54E9800E11091 /* Sources */ = {
			isa = PBXSourcesBuildPhase;
			buildActionMask = 2147483647;
			files = (
				3BC4D38418D54E9900E11091 /* MachismoTests.m in Sources */,
			);
			runOnlyForDeploymentPostprocessing = 0;
		};
/* End PBXSourcesBuildPhase section */

/* Begin PBXTargetDependency section */
		3BC4D37C18D54E9900E11091 /* PBXTargetDependency */ = {
			isa = PBXTargetDependency;
			target = 3BC4D35418D54E9800E11091 /* Machismo */;
			targetProxy = 3BC4D37B18D54E9900E11091 /* PBXContainerItemProxy */;
		};
/* End PBXTargetDependency section */

/* Begin PBXVariantGroup section */
		3BC4D36118D54E9800E11091 /* InfoPlist.strings */ = {
			isa = PBXVariantGroup;
			children = (
				3BC4D36218D54E9800E11091 /* en */,
			);
			name = InfoPlist.strings;
			sourceTree = "<group>";
		};
		3BC4D36A18D54E9800E11091 /* Main.storyboard */ = {
			isa = PBXVariantGroup;
			children = (
				3BC4D36B18D54E9800E11091 /* Base */,
			);
			name = Main.storyboard;
			sourceTree = "<group>";
		};
		3BC4D38018D54E9900E11091 /* InfoPlist.strings */ = {
			isa = PBXVariantGroup;
			children = (
				3BC4D38118D54E9900E11091 /* en */,
			);
			name = InfoPlist.strings;
			sourceTree = "<group>";
		};
/* End PBXVariantGroup section */

/* Begin XCBuildConfiguration section */
		3BC4D38518D54E9900E11091 /* Debug */ = {
			isa = XCBuildConfiguration;
			buildSettings = {
				ALWAYS_SEARCH_USER_PATHS = NO;
				CLANG_CXX_LANGUAGE_STANDARD = "gnu++0x";
				CLANG_CXX_LIBRARY = "libc++";
				CLANG_ENABLE_MODULES = YES;
				CLANG_ENABLE_OBJC_ARC = YES;
				CLANG_WARN_BOOL_CONVERSION = YES;
				CLANG_WARN_CONSTANT_CONVERSION = YES;
				CLANG_WARN_DIRECT_OBJC_ISA_USAGE = YES_ERROR;
				CLANG_WARN_EMPTY_BODY = YES;
				CLANG_WARN_ENUM_CONVERSION = YES;
				CLANG_WARN_INT_CONVERSION = YES;
				CLANG_WARN_OBJC_ROOT_CLASS = YES_ERROR;
				CLANG_WARN__DUPLICATE_METHOD_MATCH = YES;
				"CODE_SIGN_IDENTITY[sdk=iphoneos*]" = "iPhone Developer";
				COPY_PHASE_STRIP = NO;
				GCC_C_LANGUAGE_STANDARD = gnu99;
				GCC_DYNAMIC_NO_PIC = NO;
				GCC_OPTIMIZATION_LEVEL = 0;
				GCC_PREPROCESSOR_DEFINITIONS = (
					"DEBUG=1",
					"$(inherited)",
				);
				GCC_SYMBOLS_PRIVATE_EXTERN = NO;
				GCC_WARN_64_TO_32_BIT_CONVERSION = YES;
				GCC_WARN_ABOUT_RETURN_TYPE = YES_ERROR;
				GCC_WARN_UNDECLARED_SELECTOR = YES;
				GCC_WARN_UNINITIALIZED_AUTOS = YES_AGGRESSIVE;
				GCC_WARN_UNUSED_FUNCTION = YES;
				GCC_WARN_UNUSED_VARIABLE = YES;
				IPHONEOS_DEPLOYMENT_TARGET = 7.1;
				ONLY_ACTIVE_ARCH = YES;
				SDKROOT = iphoneos;
			};
			name = Debug;
		};
		3BC4D38618D54E9900E11091 /* Release */ = {
			isa = XCBuildConfiguration;
			buildSettings = {
				ALWAYS_SEARCH_USER_PATHS = NO;
				CLANG_CXX_LANGUAGE_STANDARD = "gnu++0x";
				CLANG_CXX_LIBRARY = "libc++";
				CLANG_ENABLE_MODULES = YES;
				CLANG_ENABLE_OBJC_ARC = YES;
				CLANG_WARN_BOOL_CONVERSION = YES;
				CLANG_WARN_CONSTANT_CONVERSION = YES;
				CLANG_WARN_DIRECT_OBJC_ISA_USAGE = YES_ERROR;
				CLANG_WARN_EMPTY_BODY = YES;
				CLANG_WARN_ENUM_CONVERSION = YES;
				CLANG_WARN_INT_CONVERSION = YES;
				CLANG_WARN_OBJC_ROOT_CLASS = YES_ERROR;
				CLANG_WARN__DUPLICATE_METHOD_MATCH = YES;
				"CODE_SIGN_IDENTITY[sdk=iphoneos*]" = "iPhone Developer";
				COPY_PHASE_STRIP = YES;
				ENABLE_NS_ASSERTIONS = NO;
				GCC_C_LANGUAGE_STANDARD = gnu99;
				GCC_WARN_64_TO_32_BIT_CONVERSION = YES;
				GCC_WARN_ABOUT_RETURN_TYPE = YES_ERROR;
				GCC_WARN_UNDECLARED_SELECTOR = YES;
				GCC_WARN_UNINITIALIZED_AUTOS = YES_AGGRESSIVE;
				GCC_WARN_UNUSED_FUNCTION = YES;
				GCC_WARN_UNUSED_VARIABLE = YES;
				IPHONEOS_DEPLOYMENT_TARGET = 7.1;
				SDKROOT = iphoneos;
				VALIDATE_PRODUCT = YES;
			};
			name = Release;
		};
		3BC4D38818D54E9900E11091 /* Debug */ = {
			isa = XCBuildConfiguration;
			buildSettings = {
				ASSETCATALOG_COMPILER_APPICON_NAME = AppIcon;
				ASSETCATALOG_COMPILER_LAUNCHIMAGE_NAME = LaunchImage;
				GCC_PRECOMPILE_PREFIX_HEADER = YES;
				GCC_PREFIX_HEADER = "Machismo/Machismo-Prefix.pch";
				INFOPLIST_FILE = "Machismo/Machismo-Info.plist";
				PRODUCT_NAME = "$(TARGET_NAME)";
				WRAPPER_EXTENSION = app;
			};
			name = Debug;
		};
		3BC4D38918D54E9900E11091 /* Release */ = {
			isa = XCBuildConfiguration;
			buildSettings = {
				ASSETCATALOG_COMPILER_APPICON_NAME = AppIcon;
				ASSETCATALOG_COMPILER_LAUNCHIMAGE_NAME = LaunchImage;
				GCC_PRECOMPILE_PREFIX_HEADER = YES;
				GCC_PREFIX_HEADER = "Machismo/Machismo-Prefix.pch";
				INFOPLIST_FILE = "Machismo/Machismo-Info.plist";
				PRODUCT_NAME = "$(TARGET_NAME)";
				WRAPPER_EXTENSION = app;
			};
			name = Release;
		};
		3BC4D38B18D54E9900E11091 /* Debug */ = {
			isa = XCBuildConfiguration;
			buildSettings = {
				BUNDLE_LOADER = "$(BUILT_PRODUCTS_DIR)/Machismo.app/Machismo";
				FRAMEWORK_SEARCH_PATHS = (
					"$(SDKROOT)/Developer/Library/Frameworks",
					"$(inherited)",
					"$(DEVELOPER_FRAMEWORKS_DIR)",
				);
				GCC_PRECOMPILE_PREFIX_HEADER = YES;
				GCC_PREFIX_HEADER = "Machismo/Machismo-Prefix.pch";
				GCC_PREPROCESSOR_DEFINITIONS = (
					"DEBUG=1",
					"$(inherited)",
				);
				INFOPLIST_FILE = "MachismoTests/MachismoTests-Info.plist";
				PRODUCT_NAME = "$(TARGET_NAME)";
				TEST_HOST = "$(BUNDLE_LOADER)";
				WRAPPER_EXTENSION = xctest;
			};
			name = Debug;
		};
		3BC4D38C18D54E9900E11091 /* Release */ = {
			isa = XCBuildConfiguration;
			buildSettings = {
				BUNDLE_LOADER = "$(BUILT_PRODUCTS_DIR)/Machismo.app/Machismo";
				FRAMEWORK_SEARCH_PATHS = (
					"$(SDKROOT)/Developer/Library/Frameworks",
					"$(inherited)",
					"$(DEVELOPER_FRAMEWORKS_DIR)",
				);
				GCC_PRECOMPILE_PREFIX_HEADER = YES;
				GCC_PREFIX_HEADER = "Machismo/Machismo-Prefix.pch";
				INFOPLIST_FILE = "MachismoTests/MachismoTests-Info.plist";
				PRODUCT_NAME = "$(TARGET_NAME)";
				TEST_HOST = "$(BUNDLE_LOADER)";
				WRAPPER_EXTENSION = xctest;
			};
			name = Release;
		};
/* End XCBuildConfiguration section */

/* Begin XCConfigurationList section */
		3BC4D35018D54E9800E11091 /* Build configuration list for PBXProject "Machismo" */ = {
			isa = XCConfigurationList;
			buildConfigurations = (
				3BC4D38518D54E9900E11091 /* Debug */,
				3BC4D38618D54E9900E11091 /* Release */,
			);
			defaultConfigurationIsVisible = 0;
			defaultConfigurationName = Release;
		};
		3BC4D38718D54E9900E11091 /* Build configuration list for PBXNativeTarget "Machismo" */ = {
			isa = XCConfigurationList;
			buildConfigurations = (
				3BC4D38818D54E9900E11091 /* Debug */,
				3BC4D38918D54E9900E11091 /* Release */,
			);
			defaultConfigurationIsVisible = 0;
		};
		3BC4D38A18D54E9900E11091 /* Build configuration list for PBXNativeTarget "MachismoTests" */ = {
			isa = XCConfigurationList;
			buildConfigurations = (
				3BC4D38B18D54E9900E11091 /* Debug */,
				3BC4D38C18D54E9900E11091 /* Release */,
			);
			defaultConfigurationIsVisible = 0;
		};
/* End XCConfigurationList section */
	};
	rootObject = 3BC4D34D18D54E9800E11091 /* Project object */;
}
